{
    "_readme": [
        "This file locks the dependencies of your project to a known state",
        "Read more about it at https://getcomposer.org/doc/01-basic-usage.md#installing-dependencies",
        "This file is @generated automatically"
    ],
    "content-hash": "f8b27c0518b16d0bc9e2f0b98ab50d42",
    "packages": [
        {
            "name": "paytm/paytmchecksum",
            "version": "v1.1.0",
            "source": {
                "type": "git",
                "url": "https://github.com/paytm/Paytm_PHP_Checksum.git",
                "reference": "a032d3cbeb3846720c2c606b9f3c8057c355042e"
            },
            "dist": {
                "type": "zip",
                "url": "https://api.github.com/repos/paytm/Paytm_PHP_Checksum/zipball/a032d3cbeb3846720c2c606b9f3c8057c355042e",
                "reference": "a032d3cbeb3846720c2c606b9f3c8057c355042e",
                "shasum": ""
            },
            "require": {
                "php": ">=5.6.0"
            },
            "type": "library",
            "autoload": {
                "psr-4": {
                    "paytm\\paytmchecksum\\": "paytmchecksum/"
                }
            },
            "notification-url": "https://packagist.org/downloads/",
            "license": [
                "MIT"
            ],
            "authors": [
                {
                    "name": "Soumya Vats",
                    "role": "Developer"
                }
            ],
            "description": "This is for paytm checksum creation and verification in PHP",
            "homepage": "https://developer.paytm.com/docs/checksum/#php",
            "keywords": [
                "Paytm PHP",
                "Paytm checksum",
                "Paytm payment",
                "Paytm signature",
                "checksum",
                "paytm",
                "signature"
            ],
            "support": {
                "issues": "https://github.com/paytm/Paytm_PHP_Checksum/issues",
                "source": "https://github.com/paytm/Paytm_PHP_Checksum/tree/v1.1.0"
            },
            "time": "2020-11-11T13:42:29+00:00"
        }
    ],
    "packages-dev": [],
    "aliases": [],
    "minimum-stability": "stable",
    "stability-flags": [],
    "prefer-stable": false,
    "prefer-lowest": false,
    "platform": [],
    "platform-dev": [],
    "plugin-api-version": "2.0.0"
}
